
Microsoft Visual Studio Solution File, Format Version 12.00
# Visual Studio 2012
Project("{E24C65DC-7377-472B-9ABA-BC803B73C61A}") = "PeerReviewWeb", "PeerReviewWeb\", "{D2AB68E3-1D2C-4B2D-969D-DBF4025D29A2}"
	ProjectSection(WebsiteProperties) = preProject
		TargetFrameworkMoniker = ".NETFramework,Version%3Dv4.5"
		Debug.AspNetCompiler.VirtualPath = "/PeerReviewWeb"
		Debug.AspNetCompiler.PhysicalPath = "PeerReviewWeb\"
		Debug.AspNetCompiler.TargetPath = "PrecompiledWeb\PeerReviewWeb\"
		Debug.AspNetCompiler.Updateable = "true"
		Debug.AspNetCompiler.ForceOverwrite = "true"
		Debug.AspNetCompiler.FixedNames = "false"
		Debug.AspNetCompiler.Debug = "True"
		Release.AspNetCompiler.VirtualPath = "/PeerReviewWeb"
		Release.AspNetCompiler.PhysicalPath = "PeerReviewWeb\"
		Release.AspNetCompiler.TargetPath = "PrecompiledWeb\PeerReviewWeb\"
		Release.AspNetCompiler.Updateable = "true"
		Release.AspNetCompiler.ForceOverwrite = "true"
		Release.AspNetCompiler.FixedNames = "false"
		Release.AspNetCompiler.Debug = "False"
		VWDPort = "49592"
	EndProjectSection
EndProject
Global
	GlobalSection(SolutionConfigurationPlatforms) = preSolution
		Debug|Any CPU = Debug|Any CPU
	EndGlobalSection
	GlobalSection(ProjectConfigurationPlatforms) = postSolution
		{D2AB68E3-1D2C-4B2D-969D-DBF4025D29A2}.Debug|Any CPU.ActiveCfg = Debug|Any CPU
		{D2AB68E3-1D2C-4B2D-969D-DBF4025D29A2}.Debug|Any CPU.Build.0 = Debug|Any CPU
	EndGlobalSection
	GlobalSection(SolutionProperties) = preSolution
		HideSolutionNode = FALSE
	EndGlobalSection
EndGlobal
